{
  "name": "sea-api-backend",
  "version": "1.0.0",
  "lockfileVersion": 3,
  "requires": true,
  "packages": {
    "": {
      "name": "sea-api-backend",
      "version": "1.0.0",
      "license": "ISC",
      "dependencies": {
        "@turf/turf": "^6.5.0",
        "cors": "^2.8.5",
        "csv-parser": "^3.0.0",
        "express": "^4.18.2"
      }
    },
    "node_modules/@turf/helpers": {
      "version": "6.5.0",
      "resolved": "https://registry.npmjs.org/@turf/helpers/-/helpers-6.5.0.tgz",
      "integrity": "sha512-NdwYGOGA522MLy9n+DbX5eRTd4s0iTQSnpF0v/8Qe2e5T40An6aOgp4FSoaFoH2/2e/d023a4Xv3c2smm9Q+PA=="
    },
    "node_modules/@turf/invariant": {
      "version": "6.5.0",
      "resolved": "https://registry.npmjs.org/@turf/invariant/-/invariant-6.5.0.tgz",
      "integrity": "sha512-Y76yT4K2K2S2T7vK3xM4w2xTz2v5Gv8Q/7/oX2d/M85y7p/S+T+f3d6n2HajWb3ZkPEUP2a23C+t/jYA==",
      "dependencies": {
        "@turf/helpers": "6.5.0"
      }
    },
    "node_modules/@turf/isolines": {
      "version": "6.5.0",
      "resolved": "https://registry.npmjs.org/@turf/isolines/-/isolines-6.5.0.tgz",
      "integrity": "sha512-r74kO+jC1X5f8FkL0Fq/pD0Y23HwA0e6a/kS6tJ4w4V+G3zB/jE5jLp/8C6nJt0oBwfGqL12/5J1+L0Q==",
      "dependencies": {
        "@turf/helpers": "6.5.0",
        "@turf/invariant": "6.5.0",
        "d3-contour": "3.1.0"
      }
    },
    "node_modules/@turf/meta": {
      "version": "6.5.0",
      "resolved": "https://registry.npmjs.org/@turf/meta/-/meta-6.5.0.tgz",
      "integrity": "sha512-XlWqL9tPuEH2l+Y2gNCPiG5a8YBGuz+EaW1a7Kv2p0Xg/0sC+GaxF8lTfVftc2y7P3y/dPS32sB20K3e+wKx2A==",
      "dependencies": {
        "@turf/helpers": "6.5.0"
      }
    },
    "node_modules/@turf/tin": {
      "version": "6.5.0",
      "resolved": "https://registry.npmjs.org/@turf/tin/-/tin-6.5.0.tgz",
      "integrity": "sha512-Jm03/2x/r31r1vM0/7fHlY1j+r5cW2Rk/g331uMNTmF4rCqI3yLz+Q2Q26i5z+YlY3E17V12f+92+y9w==",
      "dependencies": {
        "@turf/helpers": "6.5.0",
        "@turf/invariant": "6.5.0",
        "@turf/meta": "6.5.0",
        "delaunator": "5.0.0"
      }
    },
    "node_modules/@turf/turf": {
      "version": "6.5.0",
      "resolved": "https://registry.npmjs.org/@turf/turf/-/turf-6.5.0.tgz",
      "integrity": "sha512-bIR7/S2kF/cAlD52Ea95I4I9m+1/4q2rX6eL6nLKsRd/qgCj4v3D3Tj7DPv9V6Vf2+U5g/CPa2Jq3KzMv1QFA==",
      "dependencies": {
        "@turf/isolines": "6.5.0",
        "@turf/tin": "6.5.0"
      }
    },
    "node_modules/accepts": {
      "version": "1.3.8",
      "resolved": "https://registry.npmjs.org/accepts/-/accepts-1.3.8.tgz",
      "integrity": "sha512-PYAthTa2m2VKxuvSD3DPC/Gy+U+sOA1LAuT8mkmRuvw+NACSlewbWMDII40EllD/M3XG/zWbgsRdsidebarbQTg==",
      "dependencies": {
        "mime-types": "~2.1.34",
        "negotiator": "0.6.3"
      },
      "engines": {
        "node": ">= 0.6"
      }
    },
    "node_modules/array-flatten": {
      "version": "1.1.1",
      "resolved": "https://registry.npmjs.org/array-flatten/-/array-flatten-1.1.1.tgz",
      "integrity": "sha512-PCVAQwvL3EMrWePmpHFlh62sBPD4w6B743AX2PSf932wB5C3gH3sK64D8TPOxtc/2g3S87s2hWe4gn28g5w5w=="
    },
    "node_modules/body-parser": {
      "version": "1.20.1",
      "resolved": "https://registry.npmjs.org/body-parser/-/body-parser-1.20.1.tgz",
      "integrity": "sha512-jWi7abTbYal4cfFCxwN3STI3tYEqxRHYCe4sjpEP/mV2/SAoXWtrEaC1TlaIMVepELP12sFMLz1nZvil9xDYpA==",
      "dependencies": {
        "bytes": "3.1.2",
        "content-type": "~1.0.4",
        "debug": "2.6.9",
        "depd": "2.0.0",
        "http-errors": "2.0.0",
        "iconv-lite": "0.4.24",
        "on-finished": "2.4.1",
        "qs": "6.11.0",
        "raw-body": "2.5.1",
        "type-is": "~1.6.18"
      },
      "engines": {
        "node": ">= 0.8",
        "npm": "1.2.8000 || >= 1.4.16"
      }
    },
    "node_modules/bytes": {
      "version": "3.1.2",
      "resolved": "https://registry.npmjs.org/bytes/-/bytes-3.1.2.tgz",
      "integrity": "sha512-/Nf7TyzTx6S3yRJObOAV7956r8cr2+Oj8AC5dt8wSP3BQAoeX58NoHyCU8P8zGkczCjmcj7xPHWpOHbtK1WEdg==",
      "engines": {
        "node": ">= 0.8"
      }
    },
    "node_modules/call-bind": {
      "version": "1.0.2",
      "resolved": "https://registry.npmjs.org/call-bind/-/call-bind-1.0.2.tgz",
      "integrity": "sha512-7O+FbCihrB5WLPcmSBCeeNsJfdmuOPguXoRW1aoIzGiG2dHmYkQPOrkWNha0ECBsiE4xSRpTYiNXywpwmybbmA==",
      "dependencies": {
        "function-bind": "^1.1.1",
        "get-intrinsic": "^1.0.2"
      }
    },
    "node_modules/content-disposition": {
      "version": "0.5.4",
      "resolved": "https://registry.npmjs.org/content-disposition/-/content-disposition-0.5.4.tgz",
      "integrity": "sha512-FveZTNuGw04cxlAiWbzi6zTAL/lhehaWbTtAV1B4J9nuCLVbU0t6uJgSeWGPwyXQRFGwWemPAhEckkvkFLC3rA==",
      "dependencies": {
        "safe-buffer": "5.2.1"
      },
      "engines": {
        "node": ">= 0.6"
      }
    },
    "node_modules/content-type": {
      "version": "1.0.4",
      "resolved": "https://registry.npmjs.org/content-type/-/content-type-1.0.4.tgz",
      "integrity": "sha512-hIP3EEPsEMsOBuUjZvheaderN0NOJ2pOAvxdEXlgvrjPAjdDIm1xpKma shirII/tA+apttXcTevgdY9jAXpIOig==",
      "engines": {
        "node": ">= 0.6"
      }
    },
    "node_modules/cookie": {
      "version": "0.5.0",
      "resolved": "https://registry.npmjs.org/cookie/-/cookie-0.5.0.tgz",
      "integrity": "sha512-YZ3GUyn/o8gfsvEhVOwVI6Gnyd+/1E6TCAvs3r2oFOK/yaWxCTr3iS0S6A60jIbN51m53aO1s3NDFpjT5sje7g==",
      "engines": {
        "node": ">= 0.6"
      }
    },
    "node_modules/cookie-signature": {
      "version": "1.0.6",
      "resolved": "https://registry.npmjs.org/cookie-signature/-/cookie-signature-1.0.6.tgz",
      "integrity": "sha512-Qh2sigTozEwqDjIfJAS3JPzl3gV6j1b64iV/1an/3xzF6t1LSOw4s42iAxcLp5Blb71o6a8sClL3mLT1dCkrw=="
    },
    "node_modules/cors": {
      "version": "2.8.5",
      "resolved": "https://registry.npmjs.org/cors/-/cors-2.8.5.tgz",
      "integrity": "sha512-II+l+eV/2e2rbyI4+oA1DeZ/D8CIy5Ijp/AmBCcbIWWyA6Ua2Vz2N2qMHGgRjL7yboOPoZ2s0w3uajQEcpA0+w==",
      "dependencies": {
        "object-assign": "^4",
        "vary": "^1"
      },
      "engines": {
        "node": ">= 0.10"
      }
    },
    "node_modules/csv-parser": {
      "version": "3.0.0",
      "resolved": "https://registry.npmjs.org/csv-parser/-/csv-parser-3.0.0.tgz",
      "integrity": "sha512-s6OYSXAK3IdKqYO33y09jhypG/bSDHPuyCme/BPPubdNdkA4RcF3iRokgtU22vGES1Cjdt2s5GnA6unCmcEI7w==",
      "dependencies": {
        "minimist": "^1.2.0"
      },
      "bin": {
        "csv-parser": "bin/csv-parser"
      },
      "engines": {
        "node": ">= 10"
      }
    },
    "node_modules/d3-array": {
      "version": "3.2.3",
      "resolved": "https://registry.npmjs.org/d3-array/-/d3-array-3.2.3.tgz",
      "integrity": "sha512-p/NqLgY/2mH+r/0rP4zK0pM8v8y/4iLgYqT4Uu2T9/0vT4/Sg8kXoV9p/UvQkDs61GZ9u3M4518swuA==",
      "dependencies": {
        "internmap": "2.0.3"
      }
    },
    "node_modules/d3-contour": {
      "version": "3.1.0",
      "resolved": "https://registry.npmjs.org/d3-contour/-/d3-contour-3.1.0.tgz",
      "integrity": "sha512-s4S8/O+nCZ14+052bB1fXExY3w6qM7nOMaK+E//q9J0j6IqQfM1h42aK0n3mUozvSgXn0D4m27tLz31LwzQ==",
      "dependencies": {
        "d3-array": "3"
      }
    },
    "node_modules/debug": {
      "version": "2.6.9",
      "resolved": "https://registry.npmjs.org/debug/-/debug-2.6.9.tgz",
      "integrity": "sha512-bC7ElrdJaJnPbAP+1E4j+2CqBNVfIg7QYpoUKssawM5/CMg9RjYOZDRjCDQf4soZIT9s/smSqwqIOcK6Mcxy2w==",
      "dependencies": {
        "ms": "2.0.0"
      }
    },
    "node_modules/delaunator": {
      "version": "5.0.0",
      "resolved": "https://registry.npmjs.org/delaunator/-/delaunator-5.0.0.tgz",
      "integrity": "sha512-SlL3H2i236PUE5m0EJC8VEM1Z2IZ/0/L462h+I+Kli62Lq2w1bwoqR5YETL0C3yvUzzp35p638v0nPA04iJg5A==",
      "engines": {
        "node": ">=12"
      }
    },
    "node_modules/depd": {
      "version": "2.0.0",
      "resolved": "https://registry.npmjs.org/depd/-/depd-2.0.0.tgz",
      "integrity": "sha512-g7nH6P6dyDioJogAAGprGpCtVImJhpPk/decC6hmocCR0NCNIe/zum8bsusThCweE5uSyAErMCe6DhQDEWiytw==",
      "engines": {
        "node": ">= 0.8"
      }
    },
    "node_modules/destroy": {
      "version": "1.2.0",
      "resolved": "https://registry.npmjs.org/destroy/-/destroy-1.2.0.tgz",
      "integrity": "sha512-2sJGJTaXIIaR1w4iJSNoN0hnMY7GpcDUqjD5b3DUvkPFMOyPkZW3OTu3iD8auWeo2PPaNN2KwpEtn+nSdciVgA==",
      "engines": {
        "node": ">= 0.8",
        "npm": "1.2.8000 || >= 1.4.16"
      }
    },
    "node_modules/ee-first": {
      "version": "1.1.1",
      "resolved": "https://registry.npmjs.org/ee-first/-/ee-first-1.1.1.tgz",
      "integrity": "sha512-WMwm9LhRUo+WUaRN+vRuETqG89IGZSS4yHBTQKd6x/ESwOajwSDpeNdeHqiOVqjFw0wXsmQDZeo1s6/PLKLtyA=="
    },
    "node_modules/encodeurl": {
      "version": "1.0.2",
      "resolved": "https://registry.npmjs.org/encodeurl/-/encodeurl-1.0.2.tgz",
      "integrity": "sha512-TPb67fA7IcdwFK5Pkd2mLs1/VeP2o/c3EnXXG8k3H2Q2wE1eL2f/4i/2B2eUTc2IF1A2Ky3cdg9iDwJ1fW3jgg==",
      "engines": {
        "node": ">= 0.8"
      }
    },
    "node_modules/escape-html": {
      "version": "1.0.3",
      "resolved": "https://registry.npmjs.org/escape-html/-/escape-html-1.0.3.tgz",
      "integrity": "sha512-NiSupZ4OeuGwr68lGIeym/ksIZMJodUGOSheTVSI8llssBvxoQkYIZ39fEd7av3tLoUTAE2WKVeL3SP7qEaPXQ=="
    },
    "node_modules/etag": {
      "version": "1.8.1",
      "resolved": "https://registry.npmjs.org/etag/-/etag-1.8.1.tgz",
      "integrity": "sha512-aI401N0I4bPQ7gm3YQp+zB8bKrB6d/fH4GzPz/I7GCN/ky1iGz+vNq94d+33kG2MZiG3j/J7pfD4jwFkDVzIOA==",
      "engines": {
        "node": ">= 0.6"
      }
    },
    "node_modules/express": {
      "version": "4.18.2",
      "resolved": "https://registry.npmjs.org/express/-/express-4.18.2.tgz",
      "integrity": "sha512-5/PsL6iGPdfQ/l3vj+xetbN8A/TFHfDPEAQaPbeETaRpCFo1jywGOLClthv6Q1eH2m3K1fQH2QhJGd2mQpXQyQ==",
      "dependencies": {
        "accepts": "~1.3.8",
        "array-flatten": "1.1.1",
        "body-parser": "1.20.1",
        "content-disposition": "0.5.4",
        "content-type": "~1.0.4",
        "cookie": "0.5.0",
        "cookie-signature": "1.0.6",
        "debug": "2.6.9",
        "depd": "2.0.0",
        "encodeurl": "~1.0.2",
        "escape-html": "~1.0.3",
        "etag": "~1.8.1",
        "finalhandler": "1.2.0",
        "fresh": "0.5.2",
        "merge-descriptors": "1.0.1",
        "methods": "~1.1.2",
        "on-finished": "2.4.1",
        "parseurl": "~1.3.3",
        "path-to-regexp": "0.1.7",
        "proxy-addr": "~2.0.7",
        "qs": "6.11.0",
        "range-parser": "~1.2.1",
        "safe-buffer": "5.2.1",
        "send": "0.18.0",
        "serve-static": "1.15.0",
        "setprototypeof": "1.2.0",
        "statuses": "2.0.1",
        "type-is": "~1.6.18",
        "utils-merge": "1.0.1",
        "vary": "~1.1.2"
      },
      "engines": {
        "node": ">= 0.10.0"
      }
    },
    "node_modules/finalhandler": {
      "version": "1.2.0",
      "resolved": "https://registry.npmjs.org/finalhandler/-/finalhandler-1.2.0.tgz",
      "integrity": "sha512-5uXcUVftlQMFnWC9qu/svkWv3GTd2PfUhK/3PLkYNAe7FbqJMt3515HaxE6eRL74Gdsriiwdsr7MB07QtxAsNw==",
      "dependencies": {
        "debug": "2.6.9",
        "encodeurl": "~1.0.2",
        "escape-html": "~1.0.3",
        "on-finished": "2.4.1",
        "parseurl": "~1.3.3",
        "statuses": "2.0.1",
        "unpipe": "~1.0.0"
      },
      "engines": {
        "node": ">= 0.8"
      }
    },
    "node_modules/forwarded": {
      "version": "0.2.0",
      "resolved": "https://registry.npmjs.org/forwarded/-/forwarded-0.2.0.tgz",
      "integrity": "sha512-buDT5Xk6TzCwFp3/yvV9OK3jcEr62v39Q2wR13v2sV2crA2xwpbQvJvpuPSm3174h/6g1MDRnHv0zLSTaL1oPA==",
      "engines": {
        "node": ">= 0.6"
      }
    },
    "node_modules/fresh": {
      "version": "0.5.2",
      "resolved": "https://registry.npmjs.org/fresh/-/fresh-0.5.2.tgz",
      "integrity": "sha512-zFnWTCEsidbXgPcGky6vM5RX6T3r2n3/+lIZtSZHNFz/kPZ3I5t211n8p/AsTVFP92c/keABiA7sSCD2gnO0nA==",
      "engines": {
        "node": ">= 0.6"
      }
    },
    "node_modules/function-bind": {
      "version": "1.1.1",
      "resolved": "https://registry.npmjs.org/function-bind/-/function-bind-1.1.1.tgz",
      "integrity": "sha512-yIovAzMX49sF8Yl58fSCWJ5svSLuaibGPoVNDRpH19DoUpat9CHDso6EUvXFG5rJEFDF5KojIs70wrd4le3xxQ=="
    },
    "node_modules/get-intrinsic": {
      "version": "1.2.1",
      "resolved": "https://registry.npmjs.org/get-intrinsic/-/get-intrinsic-1.2.1.tgz",
      "integrity": "sha512-n3sTTchI+tgiGzENuy4b1KHq5zF1p/dJryQgo0w82iLpQdFEr32dw30/85rV2jV3gVljfK1ImBs3I2/1T2f7A==",
      "dependencies": {
        "function-bind": "^1.1.1",
        "has": "^1.0.3",
        "has-symbols": "^1.0.3"
      }
    },
    "node_modules/has": {
      "version": "1.0.3",
      "resolved": "https://registry.npmjs.org/has/-/has-1.0.3.tgz",
      "integrity": "sha512-f2Db0msO+5zlcs7mRyp/Mc3hqEvyXvtRbecSIGr3Its5so1gU3sOn+pR3M7TuzUvO0rgce/buecIe1xN4o+gRw==",
      "dependencies": {
        "function-bind": "^1.1.1"
      },
      "engines": {
        "node": ">= 0.4.0"
      }
    },
    "node_modules/has-symbols": {
      "version": "1.0.3",
      "resolved": "https://registry.npmjs.org/has-symbols/-/has-symbols-1.0.3.tgz",
      "integrity": "sha512-l3LCuF6NfjUGwW3EFSRm9iaZGT63N16+gvACx5z1r1hAFHxcrzMzzUlig5bel BerghRk+2d1o9bA5pT8bcjVL+9Gg==",
      "engines": {
        "node": ">= 0.4"
      }
    },
    "node_modules/http-errors": {
      "version": "2.0.0",
      "resolved": "https://registry.npmjs.org/http-errors/-/http-errors-2.0.0.tgz",
      "integrity": "sha512-RmhBGfQkC3kQyBv/DzMWthp7ytzz9OYhDfbI/d3jedlI7I7q12vD/TkRSjBEfsr9msDCcT9JtxA6TbqmhCI9DA==",
      "dependencies": {
        "depd": "2.0.0",
        "inherits": "2.0.4",
        "setprototypeof": "1.2.0",
        "statuses": "2.0.1",
        "toidentifier": "1.0.1"
      },
      "engines": {
        "node": ">= 0.8"
      }
    },
    "node_modules/iconv-lite": {
      "version": "0.4.24",
      "resolved": "https://registry.npmjs.org/iconv-lite/-/iconv-lite-0.4.24.tgz",
      "integrity": "sha512-v3MXnZAcvnywkADN7FXuJl/HXY/Hb2+sUgrACMAwFRtpRTzGTvA/QC/JownZTHVRbDCET5zsdli7agOkfkRT6A==",
      "dependencies": {
        "safer-buffer": ">= 2.1.2 < 3"
      },
      "engines": {
        "node": ">=0.10.0"
      }
    },
    "node_modules/inherits": {
      "version": "2.0.4",
      "resolved": "https://registry.npmjs.org/inherits/-/inherits-2.0.4.tgz",
      "integrity": "sha512-k/vGaX4/Yla3Wb6DbkHckGAuZwClQ9itdBaU56cmDU4jDcv+EzYUWmmiiYxXOymUBEsM+yEerzaYt/7k2lMRNA=="
    },
    "node_modules/internmap": {
      "version": "2.0.3",
      "resolved": "https://registry.npmjs.org/internmap/-/internmap-2.0.3.tgz",
      "integrity": "sha512-5Hh7Uu4b08Ie4GwdS12Yd/a5wz3u2n2K4qS+uY5I4W4A7gXDTgda4G4RWOq20b2408WJg2T38+sC5w=="
    },
    "node_modules/ipaddr.js": {
      "version": "1.9.1",
      "resolved": "https://registry.npmjs.org/ipaddr.js/-/ipaddr.js-1.9.1.tgz",
      "integrity": "sha512-0KI/607xoxSToH7GjN1FfSbLoU0+btTicjsQSWQveMAeaGaraGZNWnb4BrZeKgC08kEzHx5W2yPA/VgJcm/10g==",
      "engines": {
        "node": ">= 0.10"
      }
    },
    "node_modules/media-typer": {
      "version": "0.3.0",
      "resolved": "https://registry.npmjs.org/media-typer/-/media-typer-0.3.0.tgz",
      "integrity": "sha512-dq+qelQ9ak2adAmxmmmJRM3T6fArC1IQ/MpaSSa3ROGTj3oROcbBOCo9d/StOSdFkL9B+1J+ewLGXn02S82gGA==",
      "engines": {
        "node": ">= 0.6"
      }
    },
    "node_modules/merge-descriptors": {
      "version": "1.0.1",
      "resolved": "https://registry.npmjs.org/merge-descriptors/-/merge-descriptors-1.0.1.tgz",
      "integrity": "sha512-cCi6g3/Zr1iqQi6ySbseM1Xvooa98N0w31jzUYrXPX2xqObmF8+0E4bpzffg3haTDRjY3ciL1qPSr2PYDBDUmA=="
    },
    "node_modules/methods": {
      "version": "1.1.2",
      "resolved": "https://registry.npmjs.org/methods/-/methods-1.1.2.tgz",
      "integrity": "sha512-F/sLPH/Jj9gD1h3bKxW1h6QoMv8a6yKxyQx4y1rN/1t/BVAqz2xVpP2kFmwe+F4d2bB4u+p4N4nB2wW2wA=="
    },
    "node_modules/mime": {
      "version": "1.6.0",
      "resolved": "https://registry.npmjs.org/mime/-/mime-1.6.0.tgz",
      "integrity": "sha512-x0Vn8spI+wuJ1O6S7gnbaQg8Pxh4NNHb7MuxyITlSEFy/9kC6VImK2AGoLmkpA/BCweeWacn/AKe7u+KLA5hOw==",
      "bin": {
        "mime": "cli.js"
      },
      "engines": {
        "node": ">=4"
      }
    },
    "node_modules/mime-db": {
      "version": "1.52.0",
      "resolved": "https://registry.npmjs.org/mime-db/-/mime-db-1.52.0.tgz",
      "integrity": "sha512-sPU4uV7dYlvtWd4iM5ptocgw4s8ZBI2np2djupdrzDwWds6zWEGAbqUNMBA4YkTBZRQPGTVo/+2eemwABhmoww==",
      "engines": {
        "node": ">= 0.6"
      }
    },
    "node_modules/mime-types": {
      "version": "2.1.35",
      "resolved": "https://registry.npmjs.org/mime-types/-/mime-types-2.1.35.tgz",
      "integrity": "sha512-ZDY+bPm5zTTF+YpCrAU9nK0UgICYPT0QtT1NZWFv4s++TNkcgVaT0g6+4R2uI4MjQjzysHB1zxuMA6aSz5JlpA==",
      "dependencies": {
        "mime-db": "1.52.0"
      },
      "engines": {
        "node": ">= 0.6"
      }
    },
    "node_modules/minimist": {
      "version": "1.2.8",
      "resolved": "https://registry.npmjs.org/minimist/-/minimist-1.2.8.tgz",
      "integrity": "sha512-2yyAR8qBvziNFPivE/t1rPKQcDnHflLPaAd2VddVjzbrQDj1u3goerCUDRi3DJbYmkeUqvBE685fAnTx/tHPaA==",
      "funding": {
        "url": "https://github.com/sponsors/ljharb"
      }
    },
    "node_modules/ms": {
      "version": "2.0.0",
      "resolved": "https://registry.npmjs.org/ms/-/ms-2.0.0.tgz",
      "integrity": "sha512-Tpp60P6IUJDTuOq/5Z8cdskzJdAbkSrztPdCAL3tzguwo2bCqrhC5yV43upSOAKwU3fIzdLIqRhDV+wC/H4K4g=="
    },
    "node_modules/negotiator": {
      "version": "0.6.3",
      "resolved": "https://registry.npmjs.org/negotiator/-/negotiator-0.6.3.tgz",
      "integrity": "sha512-+EUsqGPLsM+j/zdChZjsnX51g4XrHFOdNSSGo3sp3CFllAXeStarf4La++aDAvj5RE7sRaRltZa97oHcysoOsw==",
      "engines": {
        "node": ">= 0.6"
      }
    },
    "node_modules/object-assign": {
      "version": "4.1.1",
      "resolved": "https://registry.npmjs.org/object-assign/-/object-assign-4.1.1.tgz",
      "integrity": "sha512-rJgTQnkUnH1sFw8yT6VSU3zD3sW2t62DaceS9ce9+9sCFpcnEMsCjGMRsFGF9QpB7wXscSjGHYVEwsAb2w5k2A==",
      "engines": {
        "node": ">=0.10.0"
      }
    },
    "node_modules/object-inspect": {
      "version": "1.12.3",
      "resolved": "https://registry.npmjs.org/object-inspect/-/object-inspect-1.12.3.tgz",
      "integrity": "sha512-geUvdk7c+ePaYSUvFQxDJSdAJ0B21S0Pvb0Fyd29dWg3e6xBT9gPyx+SV94jCqUFbDgLy/ROAbImadEaUzUcvw==",
      "funding": {
        "url": "https://github.com/sponsors/ljharb"
      }
    },
    "node_modules/on-finished": {
      "version": "2.4.1",
      "resolved": "https://registry.npmjs.org/on-finished/-/on-finished-2.4.1.tgz",
      "integrity": "sha512-oVrigHkv4uzPPGakAgkYqimMsoUgpQrNsdAploTtxJS8dcwQkS3cKzVwmz/mnaG0TckMClvAVrBvicJWeC9vzA==",
      "dependencies": {
        "ee-first": "1.1.1"
      },
      "engines": {
        "node": ">= 0.8"
      }
    },
    "node_modules/parseurl": {
      "version": "1.3.3",
      "resolved": "https://registry.npmjs.org/parseurl/-/parseurl-1.3.3.tgz",
      "integrity": "sha512-CjCF/omA5mPXg2SXt8edLupC+L0bE/8WyZt4aG3uordwc36lUr60i2o/s9i1g2kRkyROk3s2b9tH3n/T0ENp2g==",
      "engines": {
        "node": ">= 0.8"
      }
    },
    "node_modules/path-to-regexp": {
      "version": "0.1.7",
      "resolved": "https://registry.npmjs.org/path-to-regexp/-/path-to-regexp-0.1.7.tgz",
      "integrity": "sha512-5DFn32q5uf2bpxo5+g50vP3c0/UAlu7X5p2pXg37p19Y9g/2F70Q3v3sUPDR2rP3eF3HhB2Yp49b4A=="
    },
    "node_modules/proxy-addr": {
      "version": "2.0.7",
      "resolved": "https://registry.npmjs.org/proxy-addr/-/proxy-addr-2.0.7.tgz",
      "integrity": "sha512-llQsMLSUDUPT44jdrUaa6bMkPMStXVFlA6QmdEqT72s9s/6S/g8dyqdc6r2yNht4FbortvN/Br9L7bHGxGTs8A==",
      "dependencies": {
        "forwarded": "0.2.0",
        "ipaddr.js": "1.9.1"
      },
      "engines": {
        "node": ">= 0.10"
      }
    },
    "node_modules/qs": {
      "version": "6.11.0",
      "resolved": "https://registry.npmjs.org/qs/-/qs-6.11.0.tgz",
      "integrity": "sha512-MvjoMCJwEarSbUYk5P1sym84iAGFi9Veq CesUvZhqa9xLrqeGUKoaE2AbbqkBCUkvfjeFlwWhtYfL2r5enjMRA==",
      "dependencies": {
        "side-channel": "^1.0.4"
      },
      "engines": {
        "node": ">=0.6"
      },
      "funding": {
        "url": "https://github.com/sponsors/ljharb"
      }
    },
    "node_modules/range-parser": {
      "version": "1.2.1",
      "resolved": "https://registry.npmjs.org/range-parser/-/range-parser-1.2.1.tgz",
      "integrity": "sha512-Hrgsx+orqoygn9bCDMMgD6P7GOBER/IAYn5wKeN2jma4Gz8J9k9aN0wD1I5jGaAZsmyhDk7I3aQe4wKJLn62xA==",
      "engines": {
        "node": ">= 0.6"
      }
    },
    "node_modules/raw-body": {
      "version": "2.5.1",
      "resolved": "https://registry.npmjs.org/raw-body/-/raw-body-2.5.1.tgz",
      "integrity": "sha512-qqJBtEyVgS0ZmPGd6tTCFtyDqC1TNHutde63gynV26obd1OWLcN+IOor8OFd0e2w9JrCptNbFseunbMLQxkhpg==",
      "dependencies": {
        "bytes": "3.1.2",
        "http-errors": "2.0.0",
        "iconv-lite": "0.4.24",
        "unpipe": "1.0.0"
      },
      "engines": {
        "node": ">= 0.8"
      }
    },
    "node_modules/safe-buffer": {
      "version": "5.2.1",
      "resolved": "https://registry.npmjs.org/safe-buffer/-/safe-buffer-5.2.1.tgz",
      "integrity": "sha512-rp3So07KcdmmKbGvgaNxQSJr7bGVSVk5S9Eq1F+ppbRo70+kAwclcFY/Is4/iP1xN92y33MB6l39Sm914Sooag==",
      "funding": [
        {
          "type": "github",
          "url": "https://github.com/sponsors/feross"
        },
        {
          "type": "patreon",
          "url": "https://www.patreon.com/feross"
        },
        {
          "type": "consulting",
          "url": "https://feross.org/support"
        }
      ]
    },
    "node_modules/safer-buffer": {
      "version": "2.1.2",
      "resolved": "https://registry.npmjs.org/safer-buffer/-/safer-buffer-2.1.2.tgz",
      "integrity": "sha512-YZo3K82SD7Riyi0E1EQPojLz7kpepnSQI9bDuBcqhY/HD9tr8+dRDEUpgsA/KVbUPSTRd6goUryGkeNyIMIOag=="
    },
    "node_modules/send": {
      "version": "0.18.0",
      "resolved": "https://registry.npmjs.org/send/-/send-0.18.0.tgz",
      "integrity": "sha512-qqWzuFm2QZImVIవేద జవార్+RuVdPVm2aF/cb4mAadGdG+TaJei6dAn0fVdeAXB3cSPSf6joCbF6m6kHaj2g==",
      "dependencies": {
        "debug": "2.6.9",
        "depd": "2.0.0",
        "destroy": "1.2.0",
        "encodeurl": "~1.0.2",
        "escape-html": "~1.0.3",
        "etag": "~1.8.1",
        "fresh": "0.5.2",
        "http-errors": "2.0.0",
        "mime": "1.6.0",
        "ms": "2.1.3",
        "on-finished": "2.4.1",
        "range-parser": "~1.2.1",
        "statuses": "2.0.1"
      },
      "engines": {
        "node": ">= 0.8.0"
      }
    },
    "node_modules/send/node_modules/ms": {
      "version": "2.1.3",
      "resolved": "https://registry.npmjs.org/ms/-/ms-2.1.3.tgz",
      "integrity": "sha512-6FlkAZqVIZLtAlR83IcsAVaQiKZ5j4XPKeKCGF0H2tscebmvubOFhRrZlcm/q1NU6vH8EsAFYwBZocNG4MiB3A=="
    },
    "node_modules/serve-static": {
      "version": "1.15.0",
      "resolved": "https://registry.npmjs.org/serve-static/-/serve-static-1.15.0.tgz",
      "integrity": "sha512-AkNGkG6/2V5y1EzaW4L38p2iNOiB5Spbq+v2V7P70SCA2Pmc8aNMuB3sWOt1I1y7Yh58POX7t6N1Ad6fr1v3w==",
      "dependencies": {
        "encodeurl": "~1.0.2",
        "escape-html": "~1.0.3",
        "parseurl": "~1.3.3",
        "send": "0.18.0"
      },
      "engines": {
        "node": ">= 0.8.0"
      }
    },
    "node_modules/setprototypeof": {
      "version": "1.2.0",
      "resolved": "https://registry.npmjs.org/setprototypeof/-/setprototypeof-1.2.0.tgz",
      "integrity": "sha512-xZlgtEv2PBNSuISDF7rVdgoVr8OIZyWoleIp21lOKS63Mus88cM3nFRo8KkYUe9dwBCEREyLPSAXsh+COUekXg=="
    },
    "node_modules/side-channel": {
      "version": "1.0.4",
      "resolved": "https://registry.npmjs.org/side-channel/-/side-channel-1.0.4.tgz",
      "integrity": "sha512-q5XPytqFEgnHhCsHdaMcincRJ/NTKFB+piELF4DSzGeB7K4h3v0e+nLLubkGvGcMyq1r12e0wL8FGH6k7mfhLg==",
      "dependencies": {
        "call-bind": "^1.0.0",
        "get-intrinsic": "^1.0.2",
        "object-inspect": "^1.9.0"
      },
      "funding": {
        "url": "https://github.com/sponsors/ljharb"
      }
    },
    "node_modules/statuses": {
      "version": "2.0.1",
      "resolved": "https://registry.npmjs.org/statuses/-/statuses-2.0.1.tgz",
      "integrity": "sha512-RwNA9Z/7PrKCR2i5PNRFgZoRSnVbB535AmsXWMjK8zt6z1U8BpFzR3CNROFXx2eHy9gP2S8w6fPzCPE4V/Gafg==",
      "engines": {
        "node": ">= 0.8"
      }
    },
    "node_modules/toidentifier": {
      "version": "1.0.1",
      "resolved": "https://registry.npmjs.org/toidentifier/-/toidentifier-1.0.1.tgz",
      "integrity": "sha512-o5sSPKEkgOgrbTwWwawJLIyARIu5N6CjI1Hz5wbOCpoq2yMWiVmM7Y+rjdIQdMprGXIa0dSSG2vAud3AFG5C+w==",
      "engines": {
        "node": ">=0.6"
      }
    },
    "node_modules/type-is": {
      "version": "1.6.18",
      "resolved": "https://registry.npmjs.org/type-is/-/type-is-1.6.18.tgz",
      "integrity": "sha512-TkRKr9sUTxEH8MdfuCSP7VizJgncII5TfKvtelrI75ltpRHmoGq2yWH9LAzsf7J4ANlP+SkhG8ImBRO8R4J9/Q==",
      "dependencies": {
        "media-typer": "0.3.0",
        "mime-types": "~2.1.24"
      },
      "engines": {
        "node": ">= 0.6"
      }
    },
    "node_modules/unpipe": {
      "version": "1.0.0",
      "resolved": "https://registry.npmjs.org/unpipe/-/unpipe-1.0.0.tgz",
      "integrity": "sha512-pjy2bYhSsufwWlKwPc+l42BfvPqe5SmsdSBILW+XDrD6yyKmbIIKcmvhZx348Rxle3llAFdXIAciH3ItM22yCw==",
      "engines": {
        "node": ">= 0.8"
      }
    },
    "node_modules/utils-merge": {
      "version": "1.0.1",
      "resolved": "https://registry.npmjs.org/utils-merge/-/utils-merge-1.0.1.tgz",
      "integrity": "sha512-pMofbifCUGJ40qV15Sg6L4avwB3sW42+th/BRfG6vPSs60nShH3gT0PZ2sf7w9bweXG0z+c3y2p5T1EPM6vIww==",
      "engines": {
        "node": ">= 0.4.0"
      }
    },
    "node_modules/vary": {
      "version": "1.1.2",
      "resolved": "https://registry.npmjs.org/vary/-/vary-1.1.2.tgz",
      "integrity": "sha512-BNGbWLfd0eUPab0qU2v98+sB Vary vary/1.1.2.tgz",
      "engines": {
        "node": ">= 0.8"
      }
    }
  }
}